
Microsoft Visual Studio Solution File, Format Version 12.00
# Visual Studio Version 17
VisualStudioVersion = 17.10.34928.147
MinimumVisualStudioVersion = 10.0.40219.1
Project("{FAE04EC0-301F-11D3-BF4B-00C04F79EFBC}") = "AnomalyAllies", "AnomalyAllies.csproj", "{0E4CDC71-9359-4C24-9231-4964D662676D}"
EndProject
Project("{FAE04EC0-301F-11D3-BF4B-00C04F79EFBC}") = "PrepatcherFieldProvider", "..\PrepatcherFieldProvider\PrepatcherFieldProvider.csproj", "{E82F901E-2311-4310-A511-FB6B02800D0A}"
EndProject
Project("{FAE04EC0-301F-11D3-BF4B-00C04F79EFBC}") = "NoPrepatcherFieldProvider", "..\NoPrepatcherFieldProvider\NoPrepatcherFieldProvider.csproj", "{9CE1E73D-4F27-4FA8-9A02-D1E63F88B85A}"
EndProject
Project("{FAE04EC0-301F-11D3-BF4B-00C04F79EFBC}") = "InterfacesForModularity", "..\InterfacesForModularity\InterfacesForModularity.csproj", "{B7CBCF6E-8AF8-4637-AEE1-360A821D3210}"
EndProject
Global
	GlobalSection(SolutionConfigurationPlatforms) = preSolution
		Debug|Any CPU = Debug|Any CPU
		Release|Any CPU = Release|Any CPU
	EndGlobalSection
	GlobalSection(ProjectConfigurationPlatforms) = postSolution
		{0E4CDC71-9359-4C24-9231-4964D662676D}.Debug|Any CPU.ActiveCfg = Debug|Any CPU
		{0E4CDC71-9359-4C24-9231-4964D662676D}.Debug|Any CPU.Build.0 = Debug|Any CPU
		{0E4CDC71-9359-4C24-9231-4964D662676D}.Release|Any CPU.ActiveCfg = Release|Any CPU
		{0E4CDC71-9359-4C24-9231-4964D662676D}.Release|Any CPU.Build.0 = Release|Any CPU
		{E82F901E-2311-4310-A511-FB6B02800D0A}.Debug|Any CPU.ActiveCfg = Debug|Any CPU
		{E82F901E-2311-4310-A511-FB6B02800D0A}.Debug|Any CPU.Build.0 = Debug|Any CPU
		{E82F901E-2311-4310-A511-FB6B02800D0A}.Release|Any CPU.ActiveCfg = Release|Any CPU
		{E82F901E-2311-4310-A511-FB6B02800D0A}.Release|Any CPU.Build.0 = Release|Any CPU
		{9CE1E73D-4F27-4FA8-9A02-D1E63F88B85A}.Debug|Any CPU.ActiveCfg = Debug|Any CPU
		{9CE1E73D-4F27-4FA8-9A02-D1E63F88B85A}.Debug|Any CPU.Build.0 = Debug|Any CPU
		{9CE1E73D-4F27-4FA8-9A02-D1E63F88B85A}.Release|Any CPU.ActiveCfg = Release|Any CPU
		{9CE1E73D-4F27-4FA8-9A02-D1E63F88B85A}.Release|Any CPU.Build.0 = Release|Any CPU
		{B7CBCF6E-8AF8-4637-AEE1-360A821D3210}.Debug|Any CPU.ActiveCfg = Debug|Any CPU
		{B7CBCF6E-8AF8-4637-AEE1-360A821D3210}.Debug|Any CPU.Build.0 = Debug|Any CPU
		{B7CBCF6E-8AF8-4637-AEE1-360A821D3210}.Release|Any CPU.ActiveCfg = Release|Any CPU
		{B7CBCF6E-8AF8-4637-AEE1-360A821D3210}.Release|Any CPU.Build.0 = Release|Any CPU
	EndGlobalSection
	GlobalSection(SolutionProperties) = preSolution
		HideSolutionNode = FALSE
	EndGlobalSection
	GlobalSection(ExtensibilityGlobals) = postSolution
		SolutionGuid = {AF206D44-C44E-4B45-BA45-CB5788A01F93}
	EndGlobalSection
EndGlobal
